
Microsoft Visual Studio Solution File, Format Version 12.00
# Visual Studio 2012
Project("{FAE04EC0-301F-11D3-BF4B-00C04F79EFBC}") = "Website", "Website\Website.csproj", "{025E0B21-F755-4F0E-A767-D1F655AF1B1D}"
EndProject
Global
	GlobalSection(SolutionConfigurationPlatforms) = preSolution
		Debug|Any CPU = Debug|Any CPU
		Release|Any CPU = Release|Any CPU
	EndGlobalSection
	GlobalSection(ProjectConfigurationPlatforms) = postSolution
		{025E0B21-F755-4F0E-A767-D1F655AF1B1D}.Debug|Any CPU.ActiveCfg = Debug|Any CPU
		{025E0B21-F755-4F0E-A767-D1F655AF1B1D}.Debug|Any CPU.Build.0 = Debug|Any CPU
		{025E0B21-F755-4F0E-A767-D1F655AF1B1D}.Release|Any CPU.ActiveCfg = Release|Any CPU
		{025E0B21-F755-4F0E-A767-D1F655AF1B1D}.Release|Any CPU.Build.0 = Release|Any CPU
	EndGlobalSection
	GlobalSection(SolutionProperties) = preSolution
		HideSolutionNode = FALSE
	EndGlobalSection
EndGlobal
